// !$*UTF8*$!
{
	archiveVersion = 1;
	classes = {
	};
	objectVersion = 50;
	objects = {

/* Begin PBXBuildFile section */
		04A3272A21B2A6D3008F1396 /* AppDelegate.swift in Sources */ = {isa = PBXBuildFile; fileRef = 04A3272921B2A6D3008F1396 /* AppDelegate.swift */; };
		04A3272C21B2A6D3008F1396 /* ViewController.swift in Sources */ = {isa = PBXBuildFile; fileRef = 04A3272B21B2A6D3008F1396 /* ViewController.swift */; };
		04A3272F21B2A6D3008F1396 /* Main.storyboard in Resources */ = {isa = PBXBuildFile; fileRef = 04A3272D21B2A6D3008F1396 /* Main.storyboard */; };
		04A3273121B2A6D6008F1396 /* Assets.xcassets in Resources */ = {isa = PBXBuildFile; fileRef = 04A3273021B2A6D6008F1396 /* Assets.xcassets */; };
		04A3273421B2A6D6008F1396 /* LaunchScreen.storyboard in Resources */ = {isa = PBXBuildFile; fileRef = 04A3273221B2A6D6008F1396 /* LaunchScreen.storyboard */; };
		04A3273F21B2A6D7008F1396 /* machintest1_gamesTests.swift in Sources */ = {isa = PBXBuildFile; fileRef = 04A3273E21B2A6D7008F1396 /* machintest1_gamesTests.swift */; };
		04A3274A21B2A6D7008F1396 /* machintest1_gamesUITests.swift in Sources */ = {isa = PBXBuildFile; fileRef = 04A3274921B2A6D7008F1396 /* machintest1_gamesUITests.swift */; };
/* End PBXBuildFile section */

/* Begin PBXContainerItemProxy section */
		04A3273B21B2A6D7008F1396 /* PBXContainerItemProxy */ = {
			isa = PBXContainerItemProxy;
			containerPortal = 04A3271E21B2A6D3008F1396 /* Project object */;
			proxyType = 1;
			remoteGlobalIDString = 04A3272521B2A6D3008F1396;
			remoteInfo = "machintest1 games";
		};
		04A3274621B2A6D7008F1396 /* PBXContainerItemProxy */ = {
			isa = PBXContainerItemProxy;
			containerPortal = 04A3271E21B2A6D3008F1396 /* Project object */;
			proxyType = 1;
			remoteGlobalIDString = 04A3272521B2A6D3008F1396;
			remoteInfo = "machintest1 games";
		};
/* End PBXContainerItemProxy section */

/* Begin PBXFileReference section */
		04A3272621B2A6D3008F1396 /* machintest1 games.app */ = {isa = PBXFileReference; explicitFileType = wrapper.application; includeInIndex = 0; path = "machintest1 games.app"; sourceTree = BUILT_PRODUCTS_DIR; };
		04A3272921B2A6D3008F1396 /* AppDelegate.swift */ = {isa = PBXFileReference; lastKnownFileType = sourcecode.swift; path = AppDelegate.swift; sourceTree = "<group>"; };
		04A3272B21B2A6D3008F1396 /* ViewController.swift */ = {isa = PBXFileReference; lastKnownFileType = sourcecode.swift; path = ViewController.swift; sourceTree = "<group>"; };
		04A3272E21B2A6D3008F1396 /* Base */ = {isa = PBXFileReference; lastKnownFileType = file.storyboard; name = Base; path = Base.lproj/Main.storyboard; sourceTree = "<group>"; };
		04A3273021B2A6D6008F1396 /* Assets.xcassets */ = {isa = PBXFileReference; lastKnownFileType = folder.assetcatalog; path = Assets.xcassets; sourceTree = "<group>"; };
		04A3273321B2A6D6008F1396 /* Base */ = {isa = PBXFileReference; lastKnownFileType = file.storyboard; name = Base; path = Base.lproj/LaunchScreen.storyboard; sourceTree = "<group>"; };
		04A3273521B2A6D6008F1396 /* Info.plist */ = {isa = PBXFileReference; lastKnownFileType = text.plist.xml; path = Info.plist; sourceTree = "<group>"; };
		04A3273A21B2A6D7008F1396 /* machintest1 gamesTests.xctest */ = {isa = PBXFileReference; explicitFileType = wrapper.cfbundle; includeInIndex = 0; path = "machintest1 gamesTests.xctest"; sourceTree = BUILT_PRODUCTS_DIR; };
		04A3273E21B2A6D7008F1396 /* machintest1_gamesTests.swift */ = {isa = PBXFileReference; lastKnownFileType = sourcecode.swift; path = machintest1_gamesTests.swift; sourceTree = "<group>"; };
		04A3274021B2A6D7008F1396 /* Info.plist */ = {isa = PBXFileReference; lastKnownFileType = text.plist.xml; path = Info.plist; sourceTree = "<group>"; };
		04A3274521B2A6D7008F1396 /* machintest1 gamesUITests.xctest */ = {isa = PBXFileReference; explicitFileType = wrapper.cfbundle; includeInIndex = 0; path = "machintest1 gamesUITests.xctest"; sourceTree = BUILT_PRODUCTS_DIR; };
		04A3274921B2A6D7008F1396 /* machintest1_gamesUITests.swift */ = {isa = PBXFileReference; lastKnownFileType = sourcecode.swift; path = machintest1_gamesUITests.swift; sourceTree = "<group>"; };
		04A3274B21B2A6D7008F1396 /* Info.plist */ = {isa = PBXFileReference; lastKnownFileType = text.plist.xml; path = Info.plist; sourceTree = "<group>"; };
/* End PBXFileReference section */

/* Begin PBXFrameworksBuildPhase section */
		04A3272321B2A6D3008F1396 /* Frameworks */ = {
			isa = PBXFrameworksBuildPhase;
			buildActionMask = 2147483647;
			files = (
			);
			runOnlyForDeploymentPostprocessing = 0;
		};
		04A3273721B2A6D7008F1396 /* Frameworks */ = {
			isa = PBXFrameworksBuildPhase;
			buildActionMask = 2147483647;
			files = (
			);
			runOnlyForDeploymentPostprocessing = 0;
		};
		04A3274221B2A6D7008F1396 /* Frameworks */ = {
			isa = PBXFrameworksBuildPhase;
			buildActionMask = 2147483647;
			files = (
			);
			runOnlyForDeploymentPostprocessing = 0;
		};
/* End PBXFrameworksBuildPhase section */

/* Begin PBXGroup section */
		04A3271D21B2A6D3008F1396 = {
			isa = PBXGroup;
			children = (
				04A3272821B2A6D3008F1396 /* machintest1 games */,
				04A3273D21B2A6D7008F1396 /* machintest1 gamesTests */,
				04A3274821B2A6D7008F1396 /* machintest1 gamesUITests */,
				04A3272721B2A6D3008F1396 /* Products */,
			);
			sourceTree = "<group>";
		};
		04A3272721B2A6D3008F1396 /* Products */ = {
			isa = PBXGroup;
			children = (
				04A3272621B2A6D3008F1396 /* machintest1 games.app */,
				04A3273A21B2A6D7008F1396 /* machintest1 gamesTests.xctest */,
				04A3274521B2A6D7008F1396 /* machintest1 gamesUITests.xctest */,
			);
			name = Products;
			sourceTree = "<group>";
		};
		04A3272821B2A6D3008F1396 /* machintest1 games */ = {
			isa = PBXGroup;
			children = (
				04A3272921B2A6D3008F1396 /* AppDelegate.swift */,
				04A3272B21B2A6D3008F1396 /* ViewController.swift */,
				04A3272D21B2A6D3008F1396 /* Main.storyboard */,
				04A3273021B2A6D6008F1396 /* Assets.xcassets */,
				04A3273221B2A6D6008F1396 /* LaunchScreen.storyboard */,
				04A3273521B2A6D6008F1396 /* Info.plist */,
			);
			path = "machintest1 games";
			sourceTree = "<group>";
		};
		04A3273D21B2A6D7008F1396 /* machintest1 gamesTests */ = {
			isa = PBXGroup;
			children = (
				04A3273E21B2A6D7008F1396 /* machintest1_gamesTests.swift */,
				04A3274021B2A6D7008F1396 /* Info.plist */,
			);
			path = "machintest1 gamesTests";
			sourceTree = "<group>";
		};
		04A3274821B2A6D7008F1396 /* machintest1 gamesUITests */ = {
			isa = PBXGroup;
			children = (
				04A3274921B2A6D7008F1396 /* machintest1_gamesUITests.swift */,
				04A3274B21B2A6D7008F1396 /* Info.plist */,
			);
			path = "machintest1 gamesUITests";
			sourceTree = "<group>";
		};
/* End PBXGroup section */

/* Begin PBXNativeTarget section */
		04A3272521B2A6D3008F1396 /* machintest1 games */ = {
			isa = PBXNativeTarget;
			buildConfigurationList = 04A3274E21B2A6D7008F1396 /* Build configuration list for PBXNativeTarget "machintest1 games" */;
			buildPhases = (
				04A3272221B2A6D3008F1396 /* Sources */,
				04A3272321B2A6D3008F1396 /* Frameworks */,
				04A3272421B2A6D3008F1396 /* Resources */,
			);
			buildRules = (
			);
			dependencies = (
			);
			name = "machintest1 games";
			productName = "machintest1 games";
			productReference = 04A3272621B2A6D3008F1396 /* machintest1 games.app */;
			productType = "com.apple.product-type.application";
		};
		04A3273921B2A6D7008F1396 /* machintest1 gamesTests */ = {
			isa = PBXNativeTarget;
			buildConfigurationList = 04A3275121B2A6D7008F1396 /* Build configuration list for PBXNativeTarget "machintest1 gamesTests" */;
			buildPhases = (
				04A3273621B2A6D7008F1396 /* Sources */,
				04A3273721B2A6D7008F1396 /* Frameworks */,
				04A3273821B2A6D7008F1396 /* Resources */,
			);
			buildRules = (
			);
			dependencies = (
				04A3273C21B2A6D7008F1396 /* PBXTargetDependency */,
			);
			name = "machintest1 gamesTests";
			productName = "machintest1 gamesTests";
			productReference = 04A3273A21B2A6D7008F1396 /* machintest1 gamesTests.xctest */;
			productType = "com.apple.product-type.bundle.unit-test";
		};
		04A3274421B2A6D7008F1396 /* machintest1 gamesUITests */ = {
			isa = PBXNativeTarget;
			buildConfigurationList = 04A3275421B2A6D7008F1396 /* Build configuration list for PBXNativeTarget "machintest1 gamesUITests" */;
			buildPhases = (
				04A3274121B2A6D7008F1396 /* Sources */,
				04A3274221B2A6D7008F1396 /* Frameworks */,
				04A3274321B2A6D7008F1396 /* Resources */,
			);
			buildRules = (
			);
			dependencies = (
				04A3274721B2A6D7008F1396 /* PBXTargetDependency */,
			);
			name = "machintest1 gamesUITests";
			productName = "machintest1 gamesUITests";
			productReference = 04A3274521B2A6D7008F1396 /* machintest1 gamesUITests.xctest */;
			productType = "com.apple.product-type.bundle.ui-testing";
		};
/* End PBXNativeTarget section */

/* Begin PBXProject section */
		04A3271E21B2A6D3008F1396 /* Project object */ = {
			isa = PBXProject;
			attributes = {
				LastSwiftUpdateCheck = 0940;
				LastUpgradeCheck = 0940;
				ORGANIZATIONNAME = Mac;
				TargetAttributes = {
					04A3272521B2A6D3008F1396 = {
						CreatedOnToolsVersion = 9.4.1;
					};
					04A3273921B2A6D7008F1396 = {
						CreatedOnToolsVersion = 9.4.1;
						TestTargetID = 04A3272521B2A6D3008F1396;
					};
					04A3274421B2A6D7008F1396 = {
						CreatedOnToolsVersion = 9.4.1;
						TestTargetID = 04A3272521B2A6D3008F1396;
					};
				};
			};
			buildConfigurationList = 04A3272121B2A6D3008F1396 /* Build configuration list for PBXProject "machintest1 games" */;
			compatibilityVersion = "Xcode 9.3";
			developmentRegion = en;
			hasScannedForEncodings = 0;
			knownRegions = (
				en,
				Base,
			);
			mainGroup = 04A3271D21B2A6D3008F1396;
			productRefGroup = 04A3272721B2A6D3008F1396 /* Products */;
			projectDirPath = "";
			projectRoot = "";
			targets = (
				04A3272521B2A6D3008F1396 /* machintest1 games */,
				04A3273921B2A6D7008F1396 /* machintest1 gamesTests */,
				04A3274421B2A6D7008F1396 /* machintest1 gamesUITests */,
			);
		};
/* End PBXProject section */

/* Begin PBXResourcesBuildPhase section */
		04A3272421B2A6D3008F1396 /* Resources */ = {
			isa = PBXResourcesBuildPhase;
			buildActionMask = 2147483647;
			files = (
				04A3273421B2A6D6008F1396 /* LaunchScreen.storyboard in Resources */,
				04A3273121B2A6D6008F1396 /* Assets.xcassets in Resources */,
				04A3272F21B2A6D3008F1396 /* Main.storyboard in Resources */,
			);
			runOnlyForDeploymentPostprocessing = 0;
		};
		04A3273821B2A6D7008F1396 /* Resources */ = {
			isa = PBXResourcesBuildPhase;
			buildActionMask = 2147483647;
			files = (
			);
			runOnlyForDeploymentPostprocessing = 0;
		};
		04A3274321B2A6D7008F1396 /* Resources */ = {
			isa = PBXResourcesBuildPhase;
			buildActionMask = 2147483647;
			files = (
			);
			runOnlyForDeploymentPostprocessing = 0;
		};
/* End PBXResourcesBuildPhase section */

/* Begin PBXSourcesBuildPhase section */
		04A3272221B2A6D3008F1396 /* Sources */ = {
			isa = PBXSourcesBuildPhase;
			buildActionMask = 2147483647;
			files = (
				04A3272C21B2A6D3008F1396 /* ViewController.swift in Sources */,
				04A3272A21B2A6D3008F1396 /* AppDelegate.swift in Sources */,
			);
			runOnlyForDeploymentPostprocessing = 0;
		};
		04A3273621B2A6D7008F1396 /* Sources */ = {
			isa = PBXSourcesBuildPhase;
			buildActionMask = 2147483647;
			files = (
				04A3273F21B2A6D7008F1396 /* machintest1_gamesTests.swift in Sources */,
			);
			runOnlyForDeploymentPostprocessing = 0;
		};
		04A3274121B2A6D7008F1396 /* Sources */ = {
			isa = PBXSourcesBuildPhase;
			buildActionMask = 2147483647;
			files = (
				04A3274A21B2A6D7008F1396 /* machintest1_gamesUITests.swift in Sources */,
			);
			runOnlyForDeploymentPostprocessing = 0;
		};
/* End PBXSourcesBuildPhase section */

/* Begin PBXTargetDependency section */
		04A3273C21B2A6D7008F1396 /* PBXTargetDependency */ = {
			isa = PBXTargetDependency;
			target = 04A3272521B2A6D3008F1396 /* machintest1 games */;
			targetProxy = 04A3273B21B2A6D7008F1396 /* PBXContainerItemProxy */;
		};
		04A3274721B2A6D7008F1396 /* PBXTargetDependency */ = {
			isa = PBXTargetDependency;
			target = 04A3272521B2A6D3008F1396 /* machintest1 games */;
			targetProxy = 04A3274621B2A6D7008F1396 /* PBXContainerItemProxy */;
		};
/* End PBXTargetDependency section */

/* Begin PBXVariantGroup section */
		04A3272D21B2A6D3008F1396 /* Main.storyboard */ = {
			isa = PBXVariantGroup;
			children = (
				04A3272E21B2A6D3008F1396 /* Base */,
			);
			name = Main.storyboard;
			sourceTree = "<group>";
		};
		04A3273221B2A6D6008F1396 /* LaunchScreen.storyboard */ = {
			isa = PBXVariantGroup;
			children = (
				04A3273321B2A6D6008F1396 /* Base */,
			);
			name = LaunchScreen.storyboard;
			sourceTree = "<group>";
		};
/* End PBXVariantGroup section */

/* Begin XCBuildConfiguration section */
		04A3274C21B2A6D7008F1396 /* Debug */ = {
			isa = XCBuildConfiguration;
			buildSettings = {
				ALWAYS_SEARCH_USER_PATHS = NO;
				CLANG_ANALYZER_NONNULL = YES;
				CLANG_ANALYZER_NUMBER_OBJECT_CONVERSION = YES_AGGRESSIVE;
				CLANG_CXX_LANGUAGE_STANDARD = "gnu++14";
				CLANG_CXX_LIBRARY = "libc++";
				CLANG_ENABLE_MODULES = YES;
				CLANG_ENABLE_OBJC_ARC = YES;
				CLANG_ENABLE_OBJC_WEAK = YES;
				CLANG_WARN_BLOCK_CAPTURE_AUTORELEASING = YES;
				CLANG_WARN_BOOL_CONVERSION = YES;
				CLANG_WARN_COMMA = YES;
				CLANG_WARN_CONSTANT_CONVERSION = YES;
				CLANG_WARN_DEPRECATED_OBJC_IMPLEMENTATIONS = YES;
				CLANG_WARN_DIRECT_OBJC_ISA_USAGE = YES_ERROR;
				CLANG_WARN_DOCUMENTATION_COMMENTS = YES;
				CLANG_WARN_EMPTY_BODY = YES;
				CLANG_WARN_ENUM_CONVERSION = YES;
				CLANG_WARN_INFINITE_RECURSION = YES;
				CLANG_WARN_INT_CONVERSION = YES;
				CLANG_WARN_NON_LITERAL_NULL_CONVERSION = YES;
				CLANG_WARN_OBJC_IMPLICIT_RETAIN_SELF = YES;
				CLANG_WARN_OBJC_LITERAL_CONVERSION = YES;
				CLANG_WARN_OBJC_ROOT_CLASS = YES_ERROR;
				CLANG_WARN_RANGE_LOOP_ANALYSIS = YES;
				CLANG_WARN_STRICT_PROTOTYPES = YES;
				CLANG_WARN_SUSPICIOUS_MOVE = YES;
				CLANG_WARN_UNGUARDED_AVAILABILITY = YES_AGGRESSIVE;
				CLANG_WARN_UNREACHABLE_CODE = YES;
				CLANG_WARN__DUPLICATE_METHOD_MATCH = YES;
				CODE_SIGN_IDENTITY = "iPhone Developer";
				COPY_PHASE_STRIP = NO;
				DEBUG_INFORMATION_FORMAT = dwarf;
				ENABLE_STRICT_OBJC_MSGSEND = YES;
				ENABLE_TESTABILITY = YES;
				GCC_C_LANGUAGE_STANDARD = gnu11;
				GCC_DYNAMIC_NO_PIC = NO;
				GCC_NO_COMMON_BLOCKS = YES;
				GCC_OPTIMIZATION_LEVEL = 0;
				GCC_PREPROCESSOR_DEFINITIONS = (
					"DEBUG=1",
					"$(inherited)",
				);
				GCC_WARN_64_TO_32_BIT_CONVERSION = YES;
				GCC_WARN_ABOUT_RETURN_TYPE = YES_ERROR;
				GCC_WARN_UNDECLARED_SELECTOR = YES;
				GCC_WARN_UNINITIALIZED_AUTOS = YES_AGGRESSIVE;
				GCC_WARN_UNUSED_FUNCTION = YES;
				GCC_WARN_UNUSED_VARIABLE = YES;
				IPHONEOS_DEPLOYMENT_TARGET = 11.4;
				MTL_ENABLE_DEBUG_INFO = YES;
				ONLY_ACTIVE_ARCH = YES;
				SDKROOT = iphoneos;
				SWIFT_ACTIVE_COMPILATION_CONDITIONS = DEBUG;
				SWIFT_OPTIMIZATION_LEVEL = "-Onone";
			};
			name = Debug;
		};
		04A3274D21B2A6D7008F1396 /* Release */ = {
			isa = XCBuildConfiguration;
			buildSettings = {
				ALWAYS_SEARCH_USER_PATHS = NO;
				CLANG_ANALYZER_NONNULL = YES;
				CLANG_ANALYZER_NUMBER_OBJECT_CONVERSION = YES_AGGRESSIVE;
				CLANG_CXX_LANGUAGE_STANDARD = "gnu++14";
				CLANG_CXX_LIBRARY = "libc++";
				CLANG_ENABLE_MODULES = YES;
				CLANG_ENABLE_OBJC_ARC = YES;
				CLANG_ENABLE_OBJC_WEAK = YES;
				CLANG_WARN_BLOCK_CAPTURE_AUTORELEASING = YES;
				CLANG_WARN_BOOL_CONVERSION = YES;
				CLANG_WARN_COMMA = YES;
				CLANG_WARN_CONSTANT_CONVERSION = YES;
				CLANG_WARN_DEPRECATED_OBJC_IMPLEMENTATIONS = YES;
				CLANG_WARN_DIRECT_OBJC_ISA_USAGE = YES_ERROR;
				CLANG_WARN_DOCUMENTATION_COMMENTS = YES;
				CLANG_WARN_EMPTY_BODY = YES;
				CLANG_WARN_ENUM_CONVERSION = YES;
				CLANG_WARN_INFINITE_RECURSION = YES;
				CLANG_WARN_INT_CONVERSION = YES;
				CLANG_WARN_NON_LITERAL_NULL_CONVERSION = YES;
				CLANG_WARN_OBJC_IMPLICIT_RETAIN_SELF = YES;
				CLANG_WARN_OBJC_LITERAL_CONVERSION = YES;
				CLANG_WARN_OBJC_ROOT_CLASS = YES_ERROR;
				CLANG_WARN_RANGE_LOOP_ANALYSIS = YES;
				CLANG_WARN_STRICT_PROTOTYPES = YES;
				CLANG_WARN_SUSPICIOUS_MOVE = YES;
				CLANG_WARN_UNGUARDED_AVAILABILITY = YES_AGGRESSIVE;
				CLANG_WARN_UNREACHABLE_CODE = YES;
				CLANG_WARN__DUPLICATE_METHOD_MATCH = YES;
				CODE_SIGN_IDENTITY = "iPhone Developer";
				COPY_PHASE_STRIP = NO;
				DEBUG_INFORMATION_FORMAT = "dwarf-with-dsym";
				ENABLE_NS_ASSERTIONS = NO;
				ENABLE_STRICT_OBJC_MSGSEND = YES;
				GCC_C_LANGUAGE_STANDARD = gnu11;
				GCC_NO_COMMON_BLOCKS = YES;
				GCC_WARN_64_TO_32_BIT_CONVERSION = YES;
				GCC_WARN_ABOUT_RETURN_TYPE = YES_ERROR;
				GCC_WARN_UNDECLARED_SELECTOR = YES;
				GCC_WARN_UNINITIALIZED_AUTOS = YES_AGGRESSIVE;
				GCC_WARN_UNUSED_FUNCTION = YES;
				GCC_WARN_UNUSED_VARIABLE = YES;
				IPHONEOS_DEPLOYMENT_TARGET = 11.4;
				MTL_ENABLE_DEBUG_INFO = NO;
				SDKROOT = iphoneos;
				SWIFT_COMPILATION_MODE = wholemodule;
				SWIFT_OPTIMIZATION_LEVEL = "-O";
				VALIDATE_PRODUCT = YES;
			};
			name = Release;
		};
		04A3274F21B2A6D7008F1396 /* Debug */ = {
			isa = XCBuildConfiguration;
			buildSettings = {
				ASSETCATALOG_COMPILER_APPICON_NAME = AppIcon;
				CODE_SIGN_STYLE = Automatic;
				INFOPLIST_FILE = "machintest1 games/Info.plist";
				LD_RUNPATH_SEARCH_PATHS = (
					"$(inherited)",
					"@executable_path/Frameworks",
				);
				PRODUCT_BUNDLE_IDENTIFIER = "mac.machintest1-games";
				PRODUCT_NAME = "$(TARGET_NAME)";
				SWIFT_VERSION = 4.0;
				TARGETED_DEVICE_FAMILY = "1,2";
			};
			name = Debug;
		};
		04A3275021B2A6D7008F1396 /* Release */ = {
			isa = XCBuildConfiguration;
			buildSettings = {
				ASSETCATALOG_COMPILER_APPICON_NAME = AppIcon;
				CODE_SIGN_STYLE = Automatic;
				INFOPLIST_FILE = "machintest1 games/Info.plist";
				LD_RUNPATH_SEARCH_PATHS = (
					"$(inherited)",
					"@executable_path/Frameworks",
				);
				PRODUCT_BUNDLE_IDENTIFIER = "mac.machintest1-games";
				PRODUCT_NAME = "$(TARGET_NAME)";
				SWIFT_VERSION = 4.0;
				TARGETED_DEVICE_FAMILY = "1,2";
			};
			name = Release;
		};
		04A3275221B2A6D7008F1396 /* Debug */ = {
			isa = XCBuildConfiguration;
			buildSettings = {
				ALWAYS_EMBED_SWIFT_STANDARD_LIBRARIES = YES;
				BUNDLE_LOADER = "$(TEST_HOST)";
				CODE_SIGN_STYLE = Automatic;
				INFOPLIST_FILE = "machintest1 gamesTests/Info.plist";
				LD_RUNPATH_SEARCH_PATHS = (
					"$(inherited)",
					"@executable_path/Frameworks",
					"@loader_path/Frameworks",
				);
				PRODUCT_BUNDLE_IDENTIFIER = "mac.machintest1-gamesTests";
				PRODUCT_NAME = "$(TARGET_NAME)";
				SWIFT_VERSION = 4.0;
				TARGETED_DEVICE_FAMILY = "1,2";
				TEST_HOST = "$(BUILT_PRODUCTS_DIR)/machintest1 games.app/machintest1 games";
			};
			name = Debug;
		};
		04A3275321B2A6D7008F1396 /* Release */ = {
			isa = XCBuildConfiguration;
			buildSettings = {
				ALWAYS_EMBED_SWIFT_STANDARD_LIBRARIES = YES;
				BUNDLE_LOADER = "$(TEST_HOST)";
				CODE_SIGN_STYLE = Automatic;
				INFOPLIST_FILE = "machintest1 gamesTests/Info.plist";
				LD_RUNPATH_SEARCH_PATHS = (
					"$(inherited)",
					"@executable_path/Frameworks",
					"@loader_path/Frameworks",
				);
				PRODUCT_BUNDLE_IDENTIFIER = "mac.machintest1-gamesTests";
				PRODUCT_NAME = "$(TARGET_NAME)";
				SWIFT_VERSION = 4.0;
				TARGETED_DEVICE_FAMILY = "1,2";
				TEST_HOST = "$(BUILT_PRODUCTS_DIR)/machintest1 games.app/machintest1 games";
			};
			name = Release;
		};
		04A3275521B2A6D7008F1396 /* Debug */ = {
			isa = XCBuildConfiguration;
			buildSettings = {
				ALWAYS_EMBED_SWIFT_STANDARD_LIBRARIES = YES;
				CODE_SIGN_STYLE = Automatic;
				INFOPLIST_FILE = "machintest1 gamesUITests/Info.plist";
				LD_RUNPATH_SEARCH_PATHS = (
					"$(inherited)",
					"@executable_path/Frameworks",
					"@loader_path/Frameworks",
				);
				PRODUCT_BUNDLE_IDENTIFIER = "mac.machintest1-gamesUITests";
				PRODUCT_NAME = "$(TARGET_NAME)";
				SWIFT_VERSION = 4.0;
				TARGETED_DEVICE_FAMILY = "1,2";
				TEST_TARGET_NAME = "machintest1 games";
			};
			name = Debug;
		};
		04A3275621B2A6D7008F1396 /* Release */ = {
			isa = XCBuildConfiguration;
			buildSettings = {
				ALWAYS_EMBED_SWIFT_STANDARD_LIBRARIES = YES;
				CODE_SIGN_STYLE = Automatic;
				INFOPLIST_FILE = "machintest1 gamesUITests/Info.plist";
				LD_RUNPATH_SEARCH_PATHS = (
					"$(inherited)",
					"@executable_path/Frameworks",
					"@loader_path/Frameworks",
				);
				PRODUCT_BUNDLE_IDENTIFIER = "mac.machintest1-gamesUITests";
				PRODUCT_NAME = "$(TARGET_NAME)";
				SWIFT_VERSION = 4.0;
				TARGETED_DEVICE_FAMILY = "1,2";
				TEST_TARGET_NAME = "machintest1 games";
			};
			name = Release;
		};
/* End XCBuildConfiguration section */

/* Begin XCConfigurationList section */
		04A3272121B2A6D3008F1396 /* Build configuration list for PBXProject "machintest1 games" */ = {
			isa = XCConfigurationList;
			buildConfigurations = (
				04A3274C21B2A6D7008F1396 /* Debug */,
				04A3274D21B2A6D7008F1396 /* Release */,
			);
			defaultConfigurationIsVisible = 0;
			defaultConfigurationName = Release;
		};
		04A3274E21B2A6D7008F1396 /* Build configuration list for PBXNativeTarget "machintest1 games" */ = {
			isa = XCConfigurationList;
			buildConfigurations = (
				04A3274F21B2A6D7008F1396 /* Debug */,
				04A3275021B2A6D7008F1396 /* Release */,
			);
			defaultConfigurationIsVisible = 0;
			defaultConfigurationName = Release;
		};
		04A3275121B2A6D7008F1396 /* Build configuration list for PBXNativeTarget "machintest1 gamesTests" */ = {
			isa = XCConfigurationList;
			buildConfigurations = (
				04A3275221B2A6D7008F1396 /* Debug */,
				04A3275321B2A6D7008F1396 /* Release */,
			);
			defaultConfigurationIsVisible = 0;
			defaultConfigurationName = Release;
		};
		04A3275421B2A6D7008F1396 /* Build configuration list for PBXNativeTarget "machintest1 gamesUITests" */ = {
			isa = XCConfigurationList;
			buildConfigurations = (
				04A3275521B2A6D7008F1396 /* Debug */,
				04A3275621B2A6D7008F1396 /* Release */,
			);
			defaultConfigurationIsVisible = 0;
			defaultConfigurationName = Release;
		};
/* End XCConfigurationList section */
	};
	rootObject = 04A3271E21B2A6D3008F1396 /* Project object */;
}
